
Microsoft Visual Studio Solution File, Format Version 12.00
# Visual Studio Version 17
VisualStudioVersion = 17.5.002.0
MinimumVisualStudioVersion = 10.0.40219.1
Project("{9A19103F-16F7-4668-BE54-9A1E7A4F7556}") = "OptionPattern.Api", "OptionPattern.Api\OptionPattern.Api.csproj", "{3B0AF5C7-0460-4780-9771-4757D4F23A60}"
EndProject
Global
	GlobalSection(SolutionConfigurationPlatforms) = preSolution
		Debug|Any CPU = Debug|Any CPU
		Release|Any CPU = Release|Any CPU
	EndGlobalSection
	GlobalSection(ProjectConfigurationPlatforms) = postSolution
		{3B0AF5C7-0460-4780-9771-4757D4F23A60}.Debug|Any CPU.ActiveCfg = Debug|Any CPU
		{3B0AF5C7-0460-4780-9771-4757D4F23A60}.Debug|Any CPU.Build.0 = Debug|Any CPU
		{3B0AF5C7-0460-4780-9771-4757D4F23A60}.Release|Any CPU.ActiveCfg = Release|Any CPU
		{3B0AF5C7-0460-4780-9771-4757D4F23A60}.Release|Any CPU.Build.0 = Release|Any CPU
	EndGlobalSection
	GlobalSection(SolutionProperties) = preSolution
		HideSolutionNode = FALSE
	EndGlobalSection
	GlobalSection(ExtensibilityGlobals) = postSolution
		SolutionGuid = {F9C9767E-D33C-43C4-81B2-C6911A97D519}
	EndGlobalSection
EndGlobal
